// !$*UTF8*$!
{
	archiveVersion = 1;
	classes = {
	};
	objectVersion = 56;
	objects = {

/* Begin PBXBuildFile section */
		6502EE022A7BAE3B00C1F167 /* TodoListUbersnapApp.swift in Sources */ = {isa = PBXBuildFile; fileRef = 6502EE012A7BAE3B00C1F167 /* TodoListUbersnapApp.swift */; };
		6502EE042A7BAE3B00C1F167 /* ContentView.swift in Sources */ = {isa = PBXBuildFile; fileRef = 6502EE032A7BAE3B00C1F167 /* ContentView.swift */; };
		6502EE062A7BAE3D00C1F167 /* Assets.xcassets in Resources */ = {isa = PBXBuildFile; fileRef = 6502EE052A7BAE3D00C1F167 /* Assets.xcassets */; };
		6502EE092A7BAE3D00C1F167 /* Preview Assets.xcassets in Resources */ = {isa = PBXBuildFile; fileRef = 6502EE082A7BAE3D00C1F167 /* Preview Assets.xcassets */; };
		6502EE132A7BAE3D00C1F167 /* TodoListUbersnapTests.swift in Sources */ = {isa = PBXBuildFile; fileRef = 6502EE122A7BAE3D00C1F167 /* TodoListUbersnapTests.swift */; };
		6502EE1D2A7BAE3E00C1F167 /* TodoListUbersnapUITests.swift in Sources */ = {isa = PBXBuildFile; fileRef = 6502EE1C2A7BAE3E00C1F167 /* TodoListUbersnapUITests.swift */; };
		6502EE1F2A7BAE3E00C1F167 /* TodoListUbersnapUITestsLaunchTests.swift in Sources */ = {isa = PBXBuildFile; fileRef = 6502EE1E2A7BAE3E00C1F167 /* TodoListUbersnapUITestsLaunchTests.swift */; };
		65E993C92A7BAFB100CC206D /* TodoList.xcdatamodeld in Sources */ = {isa = PBXBuildFile; fileRef = 65E993C72A7BAFB100CC206D /* TodoList.xcdatamodeld */; };
		65E993CB2A7BB05D00CC206D /* DataController.swift in Sources */ = {isa = PBXBuildFile; fileRef = 65E993CA2A7BB05D00CC206D /* DataController.swift */; };
		65E993CD2A7BB06F00CC206D /* TodosViewModel.swift in Sources */ = {isa = PBXBuildFile; fileRef = 65E993CC2A7BB06F00CC206D /* TodosViewModel.swift */; };
		65E993CF2A7BB64B00CC206D /* TodoCardView.swift in Sources */ = {isa = PBXBuildFile; fileRef = 65E993CE2A7BB64B00CC206D /* TodoCardView.swift */; };
		65E993D22A7BB88800CC206D /* TodoEntity+CoreDataClass.swift in Sources */ = {isa = PBXBuildFile; fileRef = 65E993D02A7BB88800CC206D /* TodoEntity+CoreDataClass.swift */; };
		65E993D32A7BB88800CC206D /* TodoEntity+CoreDataProperties.swift in Sources */ = {isa = PBXBuildFile; fileRef = 65E993D12A7BB88800CC206D /* TodoEntity+CoreDataProperties.swift */; };
/* End PBXBuildFile section */

/* Begin PBXContainerItemProxy section */
		6502EE0F2A7BAE3D00C1F167 /* PBXContainerItemProxy */ = {
			isa = PBXContainerItemProxy;
			containerPortal = 6502EDF62A7BAE3B00C1F167 /* Project object */;
			proxyType = 1;
			remoteGlobalIDString = 6502EDFD2A7BAE3B00C1F167;
			remoteInfo = TodoListUbersnap;
		};
		6502EE192A7BAE3D00C1F167 /* PBXContainerItemProxy */ = {
			isa = PBXContainerItemProxy;
			containerPortal = 6502EDF62A7BAE3B00C1F167 /* Project object */;
			proxyType = 1;
			remoteGlobalIDString = 6502EDFD2A7BAE3B00C1F167;
			remoteInfo = TodoListUbersnap;
		};
/* End PBXContainerItemProxy section */

/* Begin PBXFileReference section */
		6502EDFE2A7BAE3B00C1F167 /* TodoListUbersnap.app */ = {isa = PBXFileReference; explicitFileType = wrapper.application; includeInIndex = 0; path = TodoListUbersnap.app; sourceTree = BUILT_PRODUCTS_DIR; };
		6502EE012A7BAE3B00C1F167 /* TodoListUbersnapApp.swift */ = {isa = PBXFileReference; lastKnownFileType = sourcecode.swift; path = TodoListUbersnapApp.swift; sourceTree = "<group>"; };
		6502EE032A7BAE3B00C1F167 /* ContentView.swift */ = {isa = PBXFileReference; lastKnownFileType = sourcecode.swift; path = ContentView.swift; sourceTree = "<group>"; };
		6502EE052A7BAE3D00C1F167 /* Assets.xcassets */ = {isa = PBXFileReference; lastKnownFileType = folder.assetcatalog; path = Assets.xcassets; sourceTree = "<group>"; };
		6502EE082A7BAE3D00C1F167 /* Preview Assets.xcassets */ = {isa = PBXFileReference; lastKnownFileType = folder.assetcatalog; path = "Preview Assets.xcassets"; sourceTree = "<group>"; };
		6502EE0E2A7BAE3D00C1F167 /* TodoListUbersnapTests.xctest */ = {isa = PBXFileReference; explicitFileType = wrapper.cfbundle; includeInIndex = 0; path = TodoListUbersnapTests.xctest; sourceTree = BUILT_PRODUCTS_DIR; };
		6502EE122A7BAE3D00C1F167 /* TodoListUbersnapTests.swift */ = {isa = PBXFileReference; lastKnownFileType = sourcecode.swift; path = TodoListUbersnapTests.swift; sourceTree = "<group>"; };
		6502EE182A7BAE3D00C1F167 /* TodoListUbersnapUITests.xctest */ = {isa = PBXFileReference; explicitFileType = wrapper.cfbundle; includeInIndex = 0; path = TodoListUbersnapUITests.xctest; sourceTree = BUILT_PRODUCTS_DIR; };
		6502EE1C2A7BAE3E00C1F167 /* TodoListUbersnapUITests.swift */ = {isa = PBXFileReference; lastKnownFileType = sourcecode.swift; path = TodoListUbersnapUITests.swift; sourceTree = "<group>"; };
		6502EE1E2A7BAE3E00C1F167 /* TodoListUbersnapUITestsLaunchTests.swift */ = {isa = PBXFileReference; lastKnownFileType = sourcecode.swift; path = TodoListUbersnapUITestsLaunchTests.swift; sourceTree = "<group>"; };
		65E993C82A7BAFB100CC206D /* TodoList.xcdatamodel */ = {isa = PBXFileReference; lastKnownFileType = wrapper.xcdatamodel; path = TodoList.xcdatamodel; sourceTree = "<group>"; };
		65E993CA2A7BB05D00CC206D /* DataController.swift */ = {isa = PBXFileReference; lastKnownFileType = sourcecode.swift; path = DataController.swift; sourceTree = "<group>"; };
		65E993CC2A7BB06F00CC206D /* TodosViewModel.swift */ = {isa = PBXFileReference; lastKnownFileType = sourcecode.swift; path = TodosViewModel.swift; sourceTree = "<group>"; };
		65E993CE2A7BB64B00CC206D /* TodoCardView.swift */ = {isa = PBXFileReference; lastKnownFileType = sourcecode.swift; path = TodoCardView.swift; sourceTree = "<group>"; };
		65E993D02A7BB88800CC206D /* TodoEntity+CoreDataClass.swift */ = {isa = PBXFileReference; lastKnownFileType = sourcecode.swift; path = "TodoEntity+CoreDataClass.swift"; sourceTree = "<group>"; };
		65E993D12A7BB88800CC206D /* TodoEntity+CoreDataProperties.swift */ = {isa = PBXFileReference; lastKnownFileType = sourcecode.swift; path = "TodoEntity+CoreDataProperties.swift"; sourceTree = "<group>"; };
/* End PBXFileReference section */

/* Begin PBXFrameworksBuildPhase section */
		6502EDFB2A7BAE3B00C1F167 /* Frameworks */ = {
			isa = PBXFrameworksBuildPhase;
			buildActionMask = 2147483647;
			files = (
			);
			runOnlyForDeploymentPostprocessing = 0;
		};
		6502EE0B2A7BAE3D00C1F167 /* Frameworks */ = {
			isa = PBXFrameworksBuildPhase;
			buildActionMask = 2147483647;
			files = (
			);
			runOnlyForDeploymentPostprocessing = 0;
		};
		6502EE152A7BAE3D00C1F167 /* Frameworks */ = {
			isa = PBXFrameworksBuildPhase;
			buildActionMask = 2147483647;
			files = (
			);
			runOnlyForDeploymentPostprocessing = 0;
		};
/* End PBXFrameworksBuildPhase section */

/* Begin PBXGroup section */
		6502EDF52A7BAE3B00C1F167 = {
			isa = PBXGroup;
			children = (
				6502EE002A7BAE3B00C1F167 /* TodoListUbersnap */,
				6502EE112A7BAE3D00C1F167 /* TodoListUbersnapTests */,
				6502EE1B2A7BAE3E00C1F167 /* TodoListUbersnapUITests */,
				6502EDFF2A7BAE3B00C1F167 /* Products */,
			);
			sourceTree = "<group>";
		};
		6502EDFF2A7BAE3B00C1F167 /* Products */ = {
			isa = PBXGroup;
			children = (
				6502EDFE2A7BAE3B00C1F167 /* TodoListUbersnap.app */,
				6502EE0E2A7BAE3D00C1F167 /* TodoListUbersnapTests.xctest */,
				6502EE182A7BAE3D00C1F167 /* TodoListUbersnapUITests.xctest */,
			);
			name = Products;
			sourceTree = "<group>";
		};
		6502EE002A7BAE3B00C1F167 /* TodoListUbersnap */ = {
			isa = PBXGroup;
			children = (
				6502EE012A7BAE3B00C1F167 /* TodoListUbersnapApp.swift */,
				65E993D62A7BB89700CC206D /* Views */,
				65E993D52A7BB89200CC206D /* ViewModel */,
				65E993D42A7BB88E00CC206D /* Model */,
				65E993C72A7BAFB100CC206D /* TodoList.xcdatamodeld */,
				6502EE052A7BAE3D00C1F167 /* Assets.xcassets */,
				6502EE072A7BAE3D00C1F167 /* Preview Content */,
			);
			path = TodoListUbersnap;
			sourceTree = "<group>";
		};
		6502EE072A7BAE3D00C1F167 /* Preview Content */ = {
			isa = PBXGroup;
			children = (
				6502EE082A7BAE3D00C1F167 /* Preview Assets.xcassets */,
			);
			path = "Preview Content";
			sourceTree = "<group>";
		};
		6502EE112A7BAE3D00C1F167 /* TodoListUbersnapTests */ = {
			isa = PBXGroup;
			children = (
				6502EE122A7BAE3D00C1F167 /* TodoListUbersnapTests.swift */,
			);
			path = TodoListUbersnapTests;
			sourceTree = "<group>";
		};
		6502EE1B2A7BAE3E00C1F167 /* TodoListUbersnapUITests */ = {
			isa = PBXGroup;
			children = (
				6502EE1C2A7BAE3E00C1F167 /* TodoListUbersnapUITests.swift */,
				6502EE1E2A7BAE3E00C1F167 /* TodoListUbersnapUITestsLaunchTests.swift */,
			);
			path = TodoListUbersnapUITests;
			sourceTree = "<group>";
		};
		65E993D42A7BB88E00CC206D /* Model */ = {
			isa = PBXGroup;
			children = (
				65E993D02A7BB88800CC206D /* TodoEntity+CoreDataClass.swift */,
				65E993D12A7BB88800CC206D /* TodoEntity+CoreDataProperties.swift */,
			);
			path = Model;
			sourceTree = "<group>";
		};
		65E993D52A7BB89200CC206D /* ViewModel */ = {
			isa = PBXGroup;
			children = (
				65E993CA2A7BB05D00CC206D /* DataController.swift */,
				65E993CC2A7BB06F00CC206D /* TodosViewModel.swift */,
			);
			path = ViewModel;
			sourceTree = "<group>";
		};
		65E993D62A7BB89700CC206D /* Views */ = {
			isa = PBXGroup;
			children = (
				6502EE032A7BAE3B00C1F167 /* ContentView.swift */,
				65E993CE2A7BB64B00CC206D /* TodoCardView.swift */,
			);
			path = Views;
			sourceTree = "<group>";
		};
/* End PBXGroup section */

/* Begin PBXNativeTarget section */
		6502EDFD2A7BAE3B00C1F167 /* TodoListUbersnap */ = {
			isa = PBXNativeTarget;
			buildConfigurationList = 6502EE222A7BAE3E00C1F167 /* Build configuration list for PBXNativeTarget "TodoListUbersnap" */;
			buildPhases = (
				6502EDFA2A7BAE3B00C1F167 /* Sources */,
				6502EDFB2A7BAE3B00C1F167 /* Frameworks */,
				6502EDFC2A7BAE3B00C1F167 /* Resources */,
			);
			buildRules = (
			);
			dependencies = (
			);
			name = TodoListUbersnap;
			productName = TodoListUbersnap;
			productReference = 6502EDFE2A7BAE3B00C1F167 /* TodoListUbersnap.app */;
			productType = "com.apple.product-type.application";
		};
		6502EE0D2A7BAE3D00C1F167 /* TodoListUbersnapTests */ = {
			isa = PBXNativeTarget;
			buildConfigurationList = 6502EE252A7BAE3E00C1F167 /* Build configuration list for PBXNativeTarget "TodoListUbersnapTests" */;
			buildPhases = (
				6502EE0A2A7BAE3D00C1F167 /* Sources */,
				6502EE0B2A7BAE3D00C1F167 /* Frameworks */,
				6502EE0C2A7BAE3D00C1F167 /* Resources */,
			);
			buildRules = (
			);
			dependencies = (
				6502EE102A7BAE3D00C1F167 /* PBXTargetDependency */,
			);
			name = TodoListUbersnapTests;
			productName = TodoListUbersnapTests;
			productReference = 6502EE0E2A7BAE3D00C1F167 /* TodoListUbersnapTests.xctest */;
			productType = "com.apple.product-type.bundle.unit-test";
		};
		6502EE172A7BAE3D00C1F167 /* TodoListUbersnapUITests */ = {
			isa = PBXNativeTarget;
			buildConfigurationList = 6502EE282A7BAE3E00C1F167 /* Build configuration list for PBXNativeTarget "TodoListUbersnapUITests" */;
			buildPhases = (
				6502EE142A7BAE3D00C1F167 /* Sources */,
				6502EE152A7BAE3D00C1F167 /* Frameworks */,
				6502EE162A7BAE3D00C1F167 /* Resources */,
			);
			buildRules = (
			);
			dependencies = (
				6502EE1A2A7BAE3D00C1F167 /* PBXTargetDependency */,
			);
			name = TodoListUbersnapUITests;
			productName = TodoListUbersnapUITests;
			productReference = 6502EE182A7BAE3D00C1F167 /* TodoListUbersnapUITests.xctest */;
			productType = "com.apple.product-type.bundle.ui-testing";
		};
/* End PBXNativeTarget section */

/* Begin PBXProject section */
		6502EDF62A7BAE3B00C1F167 /* Project object */ = {
			isa = PBXProject;
			attributes = {
				BuildIndependentTargetsInParallel = 1;
				LastSwiftUpdateCheck = 1430;
				LastUpgradeCheck = 1430;
				TargetAttributes = {
					6502EDFD2A7BAE3B00C1F167 = {
						CreatedOnToolsVersion = 14.3.1;
					};
					6502EE0D2A7BAE3D00C1F167 = {
						CreatedOnToolsVersion = 14.3.1;
						TestTargetID = 6502EDFD2A7BAE3B00C1F167;
					};
					6502EE172A7BAE3D00C1F167 = {
						CreatedOnToolsVersion = 14.3.1;
						TestTargetID = 6502EDFD2A7BAE3B00C1F167;
					};
				};
			};
			buildConfigurationList = 6502EDF92A7BAE3B00C1F167 /* Build configuration list for PBXProject "TodoListUbersnap" */;
			compatibilityVersion = "Xcode 14.0";
			developmentRegion = en;
			hasScannedForEncodings = 0;
			knownRegions = (
				en,
				Base,
			);
			mainGroup = 6502EDF52A7BAE3B00C1F167;
			productRefGroup = 6502EDFF2A7BAE3B00C1F167 /* Products */;
			projectDirPath = "";
			projectRoot = "";
			targets = (
				6502EDFD2A7BAE3B00C1F167 /* TodoListUbersnap */,
				6502EE0D2A7BAE3D00C1F167 /* TodoListUbersnapTests */,
				6502EE172A7BAE3D00C1F167 /* TodoListUbersnapUITests */,
			);
		};
/* End PBXProject section */

/* Begin PBXResourcesBuildPhase section */
		6502EDFC2A7BAE3B00C1F167 /* Resources */ = {
			isa = PBXResourcesBuildPhase;
			buildActionMask = 2147483647;
			files = (
				6502EE092A7BAE3D00C1F167 /* Preview Assets.xcassets in Resources */,
				6502EE062A7BAE3D00C1F167 /* Assets.xcassets in Resources */,
			);
			runOnlyForDeploymentPostprocessing = 0;
		};
		6502EE0C2A7BAE3D00C1F167 /* Resources */ = {
			isa = PBXResourcesBuildPhase;
			buildActionMask = 2147483647;
			files = (
			);
			runOnlyForDeploymentPostprocessing = 0;
		};
		6502EE162A7BAE3D00C1F167 /* Resources */ = {
			isa = PBXResourcesBuildPhase;
			buildActionMask = 2147483647;
			files = (
			);
			runOnlyForDeploymentPostprocessing = 0;
		};
/* End PBXResourcesBuildPhase section */

/* Begin PBXSourcesBuildPhase section */
		6502EDFA2A7BAE3B00C1F167 /* Sources */ = {
			isa = PBXSourcesBuildPhase;
			buildActionMask = 2147483647;
			files = (
				65E993CF2A7BB64B00CC206D /* TodoCardView.swift in Sources */,
				6502EE042A7BAE3B00C1F167 /* ContentView.swift in Sources */,
				65E993CB2A7BB05D00CC206D /* DataController.swift in Sources */,
				65E993CD2A7BB06F00CC206D /* TodosViewModel.swift in Sources */,
				65E993D32A7BB88800CC206D /* TodoEntity+CoreDataProperties.swift in Sources */,
				6502EE022A7BAE3B00C1F167 /* TodoListUbersnapApp.swift in Sources */,
				65E993C92A7BAFB100CC206D /* TodoList.xcdatamodeld in Sources */,
				65E993D22A7BB88800CC206D /* TodoEntity+CoreDataClass.swift in Sources */,
			);
			runOnlyForDeploymentPostprocessing = 0;
		};
		6502EE0A2A7BAE3D00C1F167 /* Sources */ = {
			isa = PBXSourcesBuildPhase;
			buildActionMask = 2147483647;
			files = (
				6502EE132A7BAE3D00C1F167 /* TodoListUbersnapTests.swift in Sources */,
			);
			runOnlyForDeploymentPostprocessing = 0;
		};
		6502EE142A7BAE3D00C1F167 /* Sources */ = {
			isa = PBXSourcesBuildPhase;
			buildActionMask = 2147483647;
			files = (
				6502EE1F2A7BAE3E00C1F167 /* TodoListUbersnapUITestsLaunchTests.swift in Sources */,
				6502EE1D2A7BAE3E00C1F167 /* TodoListUbersnapUITests.swift in Sources */,
			);
			runOnlyForDeploymentPostprocessing = 0;
		};
/* End PBXSourcesBuildPhase section */

/* Begin PBXTargetDependency section */
		6502EE102A7BAE3D00C1F167 /* PBXTargetDependency */ = {
			isa = PBXTargetDependency;
			target = 6502EDFD2A7BAE3B00C1F167 /* TodoListUbersnap */;
			targetProxy = 6502EE0F2A7BAE3D00C1F167 /* PBXContainerItemProxy */;
		};
		6502EE1A2A7BAE3D00C1F167 /* PBXTargetDependency */ = {
			isa = PBXTargetDependency;
			target = 6502EDFD2A7BAE3B00C1F167 /* TodoListUbersnap */;
			targetProxy = 6502EE192A7BAE3D00C1F167 /* PBXContainerItemProxy */;
		};
/* End PBXTargetDependency section */

/* Begin XCBuildConfiguration section */
		6502EE202A7BAE3E00C1F167 /* Debug */ = {
			isa = XCBuildConfiguration;
			buildSettings = {
				ALWAYS_SEARCH_USER_PATHS = NO;
				CLANG_ANALYZER_NONNULL = YES;
				CLANG_ANALYZER_NUMBER_OBJECT_CONVERSION = YES_AGGRESSIVE;
				CLANG_CXX_LANGUAGE_STANDARD = "gnu++20";
				CLANG_ENABLE_MODULES = YES;
				CLANG_ENABLE_OBJC_ARC = YES;
				CLANG_ENABLE_OBJC_WEAK = YES;
				CLANG_WARN_BLOCK_CAPTURE_AUTORELEASING = YES;
				CLANG_WARN_BOOL_CONVERSION = YES;
				CLANG_WARN_COMMA = YES;
				CLANG_WARN_CONSTANT_CONVERSION = YES;
				CLANG_WARN_DEPRECATED_OBJC_IMPLEMENTATIONS = YES;
				CLANG_WARN_DIRECT_OBJC_ISA_USAGE = YES_ERROR;
				CLANG_WARN_DOCUMENTATION_COMMENTS = YES;
				CLANG_WARN_EMPTY_BODY = YES;
				CLANG_WARN_ENUM_CONVERSION = YES;
				CLANG_WARN_INFINITE_RECURSION = YES;
				CLANG_WARN_INT_CONVERSION = YES;
				CLANG_WARN_NON_LITERAL_NULL_CONVERSION = YES;
				CLANG_WARN_OBJC_IMPLICIT_RETAIN_SELF = YES;
				CLANG_WARN_OBJC_LITERAL_CONVERSION = YES;
				CLANG_WARN_OBJC_ROOT_CLASS = YES_ERROR;
				CLANG_WARN_QUOTED_INCLUDE_IN_FRAMEWORK_HEADER = YES;
				CLANG_WARN_RANGE_LOOP_ANALYSIS = YES;
				CLANG_WARN_STRICT_PROTOTYPES = YES;
				CLANG_WARN_SUSPICIOUS_MOVE = YES;
				CLANG_WARN_UNGUARDED_AVAILABILITY = YES_AGGRESSIVE;
				CLANG_WARN_UNREACHABLE_CODE = YES;
				CLANG_WARN__DUPLICATE_METHOD_MATCH = YES;
				COPY_PHASE_STRIP = NO;
				DEBUG_INFORMATION_FORMAT = dwarf;
				ENABLE_STRICT_OBJC_MSGSEND = YES;
				ENABLE_TESTABILITY = YES;
				GCC_C_LANGUAGE_STANDARD = gnu11;
				GCC_DYNAMIC_NO_PIC = NO;
				GCC_NO_COMMON_BLOCKS = YES;
				GCC_OPTIMIZATION_LEVEL = 0;
				GCC_PREPROCESSOR_DEFINITIONS = (
					"DEBUG=1",
					"$(inherited)",
				);
				GCC_WARN_64_TO_32_BIT_CONVERSION = YES;
				GCC_WARN_ABOUT_RETURN_TYPE = YES_ERROR;
				GCC_WARN_UNDECLARED_SELECTOR = YES;
				GCC_WARN_UNINITIALIZED_AUTOS = YES_AGGRESSIVE;
				GCC_WARN_UNUSED_FUNCTION = YES;
				GCC_WARN_UNUSED_VARIABLE = YES;
				IPHONEOS_DEPLOYMENT_TARGET = 16.4;
				MTL_ENABLE_DEBUG_INFO = INCLUDE_SOURCE;
				MTL_FAST_MATH = YES;
				ONLY_ACTIVE_ARCH = YES;
				SDKROOT = iphoneos;
				SWIFT_ACTIVE_COMPILATION_CONDITIONS = DEBUG;
				SWIFT_OPTIMIZATION_LEVEL = "-Onone";
			};
			name = Debug;
		};
		6502EE212A7BAE3E00C1F167 /* Release */ = {
			isa = XCBuildConfiguration;
			buildSettings = {
				ALWAYS_SEARCH_USER_PATHS = NO;
				CLANG_ANALYZER_NONNULL = YES;
				CLANG_ANALYZER_NUMBER_OBJECT_CONVERSION = YES_AGGRESSIVE;
				CLANG_CXX_LANGUAGE_STANDARD = "gnu++20";
				CLANG_ENABLE_MODULES = YES;
				CLANG_ENABLE_OBJC_ARC = YES;
				CLANG_ENABLE_OBJC_WEAK = YES;
				CLANG_WARN_BLOCK_CAPTURE_AUTORELEASING = YES;
				CLANG_WARN_BOOL_CONVERSION = YES;
				CLANG_WARN_COMMA = YES;
				CLANG_WARN_CONSTANT_CONVERSION = YES;
				CLANG_WARN_DEPRECATED_OBJC_IMPLEMENTATIONS = YES;
				CLANG_WARN_DIRECT_OBJC_ISA_USAGE = YES_ERROR;
				CLANG_WARN_DOCUMENTATION_COMMENTS = YES;
				CLANG_WARN_EMPTY_BODY = YES;
				CLANG_WARN_ENUM_CONVERSION = YES;
				CLANG_WARN_INFINITE_RECURSION = YES;
				CLANG_WARN_INT_CONVERSION = YES;
				CLANG_WARN_NON_LITERAL_NULL_CONVERSION = YES;
				CLANG_WARN_OBJC_IMPLICIT_RETAIN_SELF = YES;
				CLANG_WARN_OBJC_LITERAL_CONVERSION = YES;
				CLANG_WARN_OBJC_ROOT_CLASS = YES_ERROR;
				CLANG_WARN_QUOTED_INCLUDE_IN_FRAMEWORK_HEADER = YES;
				CLANG_WARN_RANGE_LOOP_ANALYSIS = YES;
				CLANG_WARN_STRICT_PROTOTYPES = YES;
				CLANG_WARN_SUSPICIOUS_MOVE = YES;
				CLANG_WARN_UNGUARDED_AVAILABILITY = YES_AGGRESSIVE;
				CLANG_WARN_UNREACHABLE_CODE = YES;
				CLANG_WARN__DUPLICATE_METHOD_MATCH = YES;
				COPY_PHASE_STRIP = NO;
				DEBUG_INFORMATION_FORMAT = "dwarf-with-dsym";
				ENABLE_NS_ASSERTIONS = NO;
				ENABLE_STRICT_OBJC_MSGSEND = YES;
				GCC_C_LANGUAGE_STANDARD = gnu11;
				GCC_NO_COMMON_BLOCKS = YES;
				GCC_WARN_64_TO_32_BIT_CONVERSION = YES;
				GCC_WARN_ABOUT_RETURN_TYPE = YES_ERROR;
				GCC_WARN_UNDECLARED_SELECTOR = YES;
				GCC_WARN_UNINITIALIZED_AUTOS = YES_AGGRESSIVE;
				GCC_WARN_UNUSED_FUNCTION = YES;
				GCC_WARN_UNUSED_VARIABLE = YES;
				IPHONEOS_DEPLOYMENT_TARGET = 16.4;
				MTL_ENABLE_DEBUG_INFO = NO;
				MTL_FAST_MATH = YES;
				SDKROOT = iphoneos;
				SWIFT_COMPILATION_MODE = wholemodule;
				SWIFT_OPTIMIZATION_LEVEL = "-O";
				VALIDATE_PRODUCT = YES;
			};
			name = Release;
		};
		6502EE232A7BAE3E00C1F167 /* Debug */ = {
			isa = XCBuildConfiguration;
			buildSettings = {
				ASSETCATALOG_COMPILER_APPICON_NAME = AppIcon;
				ASSETCATALOG_COMPILER_GLOBAL_ACCENT_COLOR_NAME = AccentColor;
				CODE_SIGN_STYLE = Automatic;
				CURRENT_PROJECT_VERSION = 1;
				DEVELOPMENT_ASSET_PATHS = "\"TodoListUbersnap/Preview Content\"";
				DEVELOPMENT_TEAM = 9MCN5686MN;
				ENABLE_PREVIEWS = YES;
				GENERATE_INFOPLIST_FILE = YES;
				INFOPLIST_KEY_UIApplicationSceneManifest_Generation = YES;
				INFOPLIST_KEY_UIApplicationSupportsIndirectInputEvents = YES;
				INFOPLIST_KEY_UILaunchScreen_Generation = YES;
				INFOPLIST_KEY_UISupportedInterfaceOrientations_iPad = "UIInterfaceOrientationPortrait UIInterfaceOrientationPortraitUpsideDown UIInterfaceOrientationLandscapeLeft UIInterfaceOrientationLandscapeRight";
				INFOPLIST_KEY_UISupportedInterfaceOrientations_iPhone = "UIInterfaceOrientationPortrait UIInterfaceOrientationLandscapeLeft UIInterfaceOrientationLandscapeRight";
				LD_RUNPATH_SEARCH_PATHS = (
					"$(inherited)",
					"@executable_path/Frameworks",
				);
				MARKETING_VERSION = 1.0;
				PRODUCT_BUNDLE_IDENTIFIER = com.yugasamuel.TodoListUbersnap;
				PRODUCT_NAME = "$(TARGET_NAME)";
				SWIFT_EMIT_LOC_STRINGS = YES;
				SWIFT_VERSION = 5.0;
				TARGETED_DEVICE_FAMILY = "1,2";
			};
			name = Debug;
		};
		6502EE242A7BAE3E00C1F167 /* Release */ = {
			isa = XCBuildConfiguration;
			buildSettings = {
				ASSETCATALOG_COMPILER_APPICON_NAME = AppIcon;
				ASSETCATALOG_COMPILER_GLOBAL_ACCENT_COLOR_NAME = AccentColor;
				CODE_SIGN_STYLE = Automatic;
				CURRENT_PROJECT_VERSION = 1;
				DEVELOPMENT_ASSET_PATHS = "\"TodoListUbersnap/Preview Content\"";
				DEVELOPMENT_TEAM = 9MCN5686MN;
				ENABLE_PREVIEWS = YES;
				GENERATE_INFOPLIST_FILE = YES;
				INFOPLIST_KEY_UIApplicationSceneManifest_Generation = YES;
				INFOPLIST_KEY_UIApplicationSupportsIndirectInputEvents = YES;
				INFOPLIST_KEY_UILaunchScreen_Generation = YES;
				INFOPLIST_KEY_UISupportedInterfaceOrientations_iPad = "UIInterfaceOrientationPortrait UIInterfaceOrientationPortraitUpsideDown UIInterfaceOrientationLandscapeLeft UIInterfaceOrientationLandscapeRight";
				INFOPLIST_KEY_UISupportedInterfaceOrientations_iPhone = "UIInterfaceOrientationPortrait UIInterfaceOrientationLandscapeLeft UIInterfaceOrientationLandscapeRight";
				LD_RUNPATH_SEARCH_PATHS = (
					"$(inherited)",
					"@executable_path/Frameworks",
				);
				MARKETING_VERSION = 1.0;
				PRODUCT_BUNDLE_IDENTIFIER = com.yugasamuel.TodoListUbersnap;
				PRODUCT_NAME = "$(TARGET_NAME)";
				SWIFT_EMIT_LOC_STRINGS = YES;
				SWIFT_VERSION = 5.0;
				TARGETED_DEVICE_FAMILY = "1,2";
			};
			name = Release;
		};
		6502EE262A7BAE3E00C1F167 /* Debug */ = {
			isa = XCBuildConfiguration;
			buildSettings = {
				ALWAYS_EMBED_SWIFT_STANDARD_LIBRARIES = YES;
				BUNDLE_LOADER = "$(TEST_HOST)";
				CODE_SIGN_STYLE = Automatic;
				CURRENT_PROJECT_VERSION = 1;
				DEVELOPMENT_TEAM = 9MCN5686MN;
				GENERATE_INFOPLIST_FILE = YES;
				IPHONEOS_DEPLOYMENT_TARGET = 16.4;
				MARKETING_VERSION = 1.0;
				PRODUCT_BUNDLE_IDENTIFIER = com.yugasamuel.TodoListUbersnapTests;
				PRODUCT_NAME = "$(TARGET_NAME)";
				SWIFT_EMIT_LOC_STRINGS = NO;
				SWIFT_VERSION = 5.0;
				TARGETED_DEVICE_FAMILY = "1,2";
				TEST_HOST = "$(BUILT_PRODUCTS_DIR)/TodoListUbersnap.app/$(BUNDLE_EXECUTABLE_FOLDER_PATH)/TodoListUbersnap";
			};
			name = Debug;
		};
		6502EE272A7BAE3E00C1F167 /* Release */ = {
			isa = XCBuildConfiguration;
			buildSettings = {
				ALWAYS_EMBED_SWIFT_STANDARD_LIBRARIES = YES;
				BUNDLE_LOADER = "$(TEST_HOST)";
				CODE_SIGN_STYLE = Automatic;
				CURRENT_PROJECT_VERSION = 1;
				DEVELOPMENT_TEAM = 9MCN5686MN;
				GENERATE_INFOPLIST_FILE = YES;
				IPHONEOS_DEPLOYMENT_TARGET = 16.4;
				MARKETING_VERSION = 1.0;
				PRODUCT_BUNDLE_IDENTIFIER = com.yugasamuel.TodoListUbersnapTests;
				PRODUCT_NAME = "$(TARGET_NAME)";
				SWIFT_EMIT_LOC_STRINGS = NO;
				SWIFT_VERSION = 5.0;
				TARGETED_DEVICE_FAMILY = "1,2";
				TEST_HOST = "$(BUILT_PRODUCTS_DIR)/TodoListUbersnap.app/$(BUNDLE_EXECUTABLE_FOLDER_PATH)/TodoListUbersnap";
			};
			name = Release;
		};
		6502EE292A7BAE3E00C1F167 /* Debug */ = {
			isa = XCBuildConfiguration;
			buildSettings = {
				ALWAYS_EMBED_SWIFT_STANDARD_LIBRARIES = YES;
				CODE_SIGN_STYLE = Automatic;
				CURRENT_PROJECT_VERSION = 1;
				DEVELOPMENT_TEAM = 9MCN5686MN;
				GENERATE_INFOPLIST_FILE = YES;
				MARKETING_VERSION = 1.0;
				PRODUCT_BUNDLE_IDENTIFIER = com.yugasamuel.TodoListUbersnapUITests;
				PRODUCT_NAME = "$(TARGET_NAME)";
				SWIFT_EMIT_LOC_STRINGS = NO;
				SWIFT_VERSION = 5.0;
				TARGETED_DEVICE_FAMILY = "1,2";
				TEST_TARGET_NAME = TodoListUbersnap;
			};
			name = Debug;
		};
		6502EE2A2A7BAE3E00C1F167 /* Release */ = {
			isa = XCBuildConfiguration;
			buildSettings = {
				ALWAYS_EMBED_SWIFT_STANDARD_LIBRARIES = YES;
				CODE_SIGN_STYLE = Automatic;
				CURRENT_PROJECT_VERSION = 1;
				DEVELOPMENT_TEAM = 9MCN5686MN;
				GENERATE_INFOPLIST_FILE = YES;
				MARKETING_VERSION = 1.0;
				PRODUCT_BUNDLE_IDENTIFIER = com.yugasamuel.TodoListUbersnapUITests;
				PRODUCT_NAME = "$(TARGET_NAME)";
				SWIFT_EMIT_LOC_STRINGS = NO;
				SWIFT_VERSION = 5.0;
				TARGETED_DEVICE_FAMILY = "1,2";
				TEST_TARGET_NAME = TodoListUbersnap;
			};
			name = Release;
		};
/* End XCBuildConfiguration section */

/* Begin XCConfigurationList section */
		6502EDF92A7BAE3B00C1F167 /* Build configuration list for PBXProject "TodoListUbersnap" */ = {
			isa = XCConfigurationList;
			buildConfigurations = (
				6502EE202A7BAE3E00C1F167 /* Debug */,
				6502EE212A7BAE3E00C1F167 /* Release */,
			);
			defaultConfigurationIsVisible = 0;
			defaultConfigurationName = Release;
		};
		6502EE222A7BAE3E00C1F167 /* Build configuration list for PBXNativeTarget "TodoListUbersnap" */ = {
			isa = XCConfigurationList;
			buildConfigurations = (
				6502EE232A7BAE3E00C1F167 /* Debug */,
				6502EE242A7BAE3E00C1F167 /* Release */,
			);
			defaultConfigurationIsVisible = 0;
			defaultConfigurationName = Release;
		};
		6502EE252A7BAE3E00C1F167 /* Build configuration list for PBXNativeTarget "TodoListUbersnapTests" */ = {
			isa = XCConfigurationList;
			buildConfigurations = (
				6502EE262A7BAE3E00C1F167 /* Debug */,
				6502EE272A7BAE3E00C1F167 /* Release */,
			);
			defaultConfigurationIsVisible = 0;
			defaultConfigurationName = Release;
		};
		6502EE282A7BAE3E00C1F167 /* Build configuration list for PBXNativeTarget "TodoListUbersnapUITests" */ = {
			isa = XCConfigurationList;
			buildConfigurations = (
				6502EE292A7BAE3E00C1F167 /* Debug */,
				6502EE2A2A7BAE3E00C1F167 /* Release */,
			);
			defaultConfigurationIsVisible = 0;
			defaultConfigurationName = Release;
		};
/* End XCConfigurationList section */

/* Begin XCVersionGroup section */
		65E993C72A7BAFB100CC206D /* TodoList.xcdatamodeld */ = {
			isa = XCVersionGroup;
			children = (
				65E993C82A7BAFB100CC206D /* TodoList.xcdatamodel */,
			);
			currentVersion = 65E993C82A7BAFB100CC206D /* TodoList.xcdatamodel */;
			path = TodoList.xcdatamodeld;
			sourceTree = "<group>";
			versionGroupType = wrapper.xcdatamodel;
		};
/* End XCVersionGroup section */
	};
	rootObject = 6502EDF62A7BAE3B00C1F167 /* Project object */;
}
